
Microsoft Visual Studio Solution File, Format Version 12.00
# Visual Studio Version 16
VisualStudioVersion = 16.0.29613.14
MinimumVisualStudioVersion = 10.0.40219.1
Project("{FAE04EC0-301F-11D3-BF4B-00C04F79EFBC}") = "WebSupport.API", "WebSupport.API\WebSupport.API.csproj", "{D999F9A9-B445-4A37-876A-D5957FC65E10}"
EndProject
Project("{FAE04EC0-301F-11D3-BF4B-00C04F79EFBC}") = "WebSupport.API.UnitTest", "WebSupport.API.UnitTest\WebSupport.API.UnitTest.csproj", "{2A5B281D-621C-4AD9-9F37-B384C2071559}"
EndProject
Global
	GlobalSection(SolutionConfigurationPlatforms) = preSolution
		Debug|Any CPU = Debug|Any CPU
		Release|Any CPU = Release|Any CPU
	EndGlobalSection
	GlobalSection(ProjectConfigurationPlatforms) = postSolution
		{D999F9A9-B445-4A37-876A-D5957FC65E10}.Debug|Any CPU.ActiveCfg = Debug|Any CPU
		{D999F9A9-B445-4A37-876A-D5957FC65E10}.Debug|Any CPU.Build.0 = Debug|Any CPU
		{D999F9A9-B445-4A37-876A-D5957FC65E10}.Release|Any CPU.ActiveCfg = Release|Any CPU
		{D999F9A9-B445-4A37-876A-D5957FC65E10}.Release|Any CPU.Build.0 = Release|Any CPU
		{2A5B281D-621C-4AD9-9F37-B384C2071559}.Debug|Any CPU.ActiveCfg = Debug|Any CPU
		{2A5B281D-621C-4AD9-9F37-B384C2071559}.Debug|Any CPU.Build.0 = Debug|Any CPU
		{2A5B281D-621C-4AD9-9F37-B384C2071559}.Release|Any CPU.ActiveCfg = Release|Any CPU
		{2A5B281D-621C-4AD9-9F37-B384C2071559}.Release|Any CPU.Build.0 = Release|Any CPU
	EndGlobalSection
	GlobalSection(SolutionProperties) = preSolution
		HideSolutionNode = FALSE
	EndGlobalSection
	GlobalSection(ExtensibilityGlobals) = postSolution
		SolutionGuid = {DA8B1B87-5C82-4A44-8242-E13ABF901F04}
	EndGlobalSection
EndGlobal
